// !$*UTF8*$!
{
	archiveVersion = 1;
	classes = {
	};
	objectVersion = 77;
	objects = {

/* Begin PBXBuildFile section */
		4B70DA0B2F68759500C21DDE /* Roboflow in Frameworks */ = {isa = PBXBuildFile; productRef = 4B70DA0A2F68759500C21DDE /* Roboflow */; };
/* End PBXBuildFile section */

/* Begin PBXContainerItemProxy section */
		A82E7E0F2D57A1FA00DBE5A2 /* PBXContainerItemProxy */ = {
			isa = PBXContainerItemProxy;
			containerPortal = A82E7DF62D57A1F700DBE5A2 /* Project object */;
			proxyType = 1;
			remoteGlobalIDString = A82E7DFD2D57A1F700DBE5A2;
			remoteInfo = chessMentor;
		};
		A82E7E192D57A1FA00DBE5A2 /* PBXContainerItemProxy */ = {
			isa = PBXContainerItemProxy;
			containerPortal = A82E7DF62D57A1F700DBE5A2 /* Project object */;
			proxyType = 1;
			remoteGlobalIDString = A82E7DFD2D57A1F700DBE5A2;
			remoteInfo = chessMentor;
		};
/* End PBXContainerItemProxy section */

/* Begin PBXFileReference section */
		A82E7EA32D5BDC7300DBE5A2 /* chessMentor.app */ = {isa = PBXFileReference; explicitFileType = wrapper.application; includeInIndex = 0; path = chessMentor.app; sourceTree = BUILT_PRODUCTS_DIR; };
		A82E7EA42D5BDC7300DBE5A2 /* chessMentorTests.xctest */ = {isa = PBXFileReference; explicitFileType = wrapper.cfbundle; includeInIndex = 0; path = chessMentorTests.xctest; sourceTree = BUILT_PRODUCTS_DIR; };
		A82E7EA52D5BDC7300DBE5A2 /* chessMentorUITests.xctest */ = {isa = PBXFileReference; explicitFileType = wrapper.cfbundle; includeInIndex = 0; path = chessMentorUITests.xctest; sourceTree = BUILT_PRODUCTS_DIR; };
		A87C434C2E86FC16007024B9 /* chessMentor.xcodeproj */ = {isa = PBXFileReference; lastKnownFileType = "wrapper.pb-project"; path = chessMentor.xcodeproj; sourceTree = SOURCE_ROOT; };
		B1C641F92EDD65AC00A0E3E9 /* TEST_COVERAGE_REPORT.md */ = {isa = PBXFileReference; lastKnownFileType = net.daringfireball.markdown; path = TEST_COVERAGE_REPORT.md; sourceTree = "<group>"; };
		B1C641FA2EDD65DC00A0E3E9 /* TESTING_QUICK_START.md */ = {isa = PBXFileReference; lastKnownFileType = net.daringfireball.markdown; path = TESTING_QUICK_START.md; sourceTree = "<group>"; };
		B1C641FD2EDD67D700A0E3E9 /* HOW_TO_FIX_COVERAGE.md */ = {isa = PBXFileReference; lastKnownFileType = net.daringfireball.markdown; path = HOW_TO_FIX_COVERAGE.md; sourceTree = "<group>"; };
		B1C641FF2EDD682100A0E3E9 /* README_COVERAGE_FIX.md */ = {isa = PBXFileReference; lastKnownFileType = net.daringfireball.markdown; path = README_COVERAGE_FIX.md; sourceTree = "<group>"; };
		B1C642A22EDE834F00A0E3E9 /* NEW_TESTS_DOCUMENTATION.md */ = {isa = PBXFileReference; lastKnownFileType = net.daringfireball.markdown; path = NEW_TESTS_DOCUMENTATION.md; sourceTree = "<group>"; };
/* End PBXFileReference section */

/* Begin PBXFileSystemSynchronizedBuildFileExceptionSet section */
		449F77022D973F7100AAAAD7 /* Exceptions for "Views" folder in "chessMentor" target */ = {
			isa = PBXFileSystemSynchronizedBuildFileExceptionSet;
			membershipExceptions = (
				LiveAnalysisView.swift,
				LoginView.swift,
				PhotoBenchmarkView.swift,
				ResultsView.swift,
				ScanningView.swift,
			);
			target = A82E7DFD2D57A1F700DBE5A2 /* chessMentor */;
		};
		A82E7E4B2D585F0E00DBE5A2 /* Exceptions for "chessMentor" folder in "chessMentor" target */ = {
			isa = PBXFileSystemSynchronizedBuildFileExceptionSet;
			membershipExceptions = (
				Info.plist,
			);
			target = A82E7DFD2D57A1F700DBE5A2 /* chessMentor */;
		};
/* End PBXFileSystemSynchronizedBuildFileExceptionSet section */

/* Begin PBXFileSystemSynchronizedRootGroup section */
		449F77012D973F6900AAAAD7 /* Views */ = {
			isa = PBXFileSystemSynchronizedRootGroup;
			exceptions = (
				449F77022D973F7100AAAAD7 /* Exceptions for "Views" folder in "chessMentor" target */,
			);
			path = Views;
			sourceTree = "<group>";
		};
		A82E7E002D57A1F700DBE5A2 /* chessMentor */ = {
			isa = PBXFileSystemSynchronizedRootGroup;
			exceptions = (
				A82E7E4B2D585F0E00DBE5A2 /* Exceptions for "chessMentor" folder in "chessMentor" target */,
			);
			path = chessMentor;
			sourceTree = "<group>";
		};
		A82E7E112D57A1FA00DBE5A2 /* chessMentorTests */ = {
			isa = PBXFileSystemSynchronizedRootGroup;
			path = chessMentorTests;
			sourceTree = "<group>";
		};
		A82E7E1B2D57A1FA00DBE5A2 /* chessMentorUITests */ = {
			isa = PBXFileSystemSynchronizedRootGroup;
			path = chessMentorUITests;
			sourceTree = "<group>";
		};
/* End PBXFileSystemSynchronizedRootGroup section */

/* Begin PBXFrameworksBuildPhase section */
		A82E7DFB2D57A1F700DBE5A2 /* Frameworks */ = {
			isa = PBXFrameworksBuildPhase;
			buildActionMask = 2147483647;
			files = (
				4B70DA0B2F68759500C21DDE /* Roboflow in Frameworks */,
			);
			runOnlyForDeploymentPostprocessing = 0;
		};
		A82E7E0B2D57A1FA00DBE5A2 /* Frameworks */ = {
			isa = PBXFrameworksBuildPhase;
			buildActionMask = 2147483647;
			files = (
			);
			runOnlyForDeploymentPostprocessing = 0;
		};
		A82E7E152D57A1FA00DBE5A2 /* Frameworks */ = {
			isa = PBXFrameworksBuildPhase;
			buildActionMask = 2147483647;
			files = (
			);
			runOnlyForDeploymentPostprocessing = 0;
		};
/* End PBXFrameworksBuildPhase section */

/* Begin PBXGroup section */
		A82E7DF52D57A1F700DBE5A2 = {
			isa = PBXGroup;
			children = (
				A87C434C2E86FC16007024B9 /* chessMentor.xcodeproj */,
				449F77012D973F6900AAAAD7 /* Views */,
				A82E7E002D57A1F700DBE5A2 /* chessMentor */,
				A82E7E112D57A1FA00DBE5A2 /* chessMentorTests */,
				A82E7E1B2D57A1FA00DBE5A2 /* chessMentorUITests */,
				A82E7EA32D5BDC7300DBE5A2 /* chessMentor.app */,
				A82E7EA42D5BDC7300DBE5A2 /* chessMentorTests.xctest */,
				A82E7EA52D5BDC7300DBE5A2 /* chessMentorUITests.xctest */,
				B1C641F92EDD65AC00A0E3E9 /* TEST_COVERAGE_REPORT.md */,
				B1C641FA2EDD65DC00A0E3E9 /* TESTING_QUICK_START.md */,
				B1C641FD2EDD67D700A0E3E9 /* HOW_TO_FIX_COVERAGE.md */,
				B1C641FF2EDD682100A0E3E9 /* README_COVERAGE_FIX.md */,
				B1C642A22EDE834F00A0E3E9 /* NEW_TESTS_DOCUMENTATION.md */,
			);
			sourceTree = "<group>";
		};
		A8F50ECB2E997E320075078E /* Products */ = {
			isa = PBXGroup;
			name = Products;
			sourceTree = "<group>";
		};
/* End PBXGroup section */

/* Begin PBXNativeTarget section */
		A82E7DFD2D57A1F700DBE5A2 /* chessMentor */ = {
			isa = PBXNativeTarget;
			buildConfigurationList = A82E7E222D57A1FA00DBE5A2 /* Build configuration list for PBXNativeTarget "chessMentor" */;
			buildPhases = (
				A82E7DFA2D57A1F700DBE5A2 /* Sources */,
				A82E7DFB2D57A1F700DBE5A2 /* Frameworks */,
				A82E7DFC2D57A1F700DBE5A2 /* Resources */,
			);
			buildRules = (
			);
			dependencies = (
			);
			fileSystemSynchronizedGroups = (
				A82E7E002D57A1F700DBE5A2 /* chessMentor */,
			);
			name = chessMentor;
			packageProductDependencies = (
				4B70DA0A2F68759500C21DDE /* Roboflow */,
			);
			productName = chessMentor;
			productReference = A82E7EA32D5BDC7300DBE5A2 /* chessMentor.app */;
			productType = "com.apple.product-type.application";
		};
		A82E7E0D2D57A1FA00DBE5A2 /* chessMentorTests */ = {
			isa = PBXNativeTarget;
			buildConfigurationList = A82E7E252D57A1FA00DBE5A2 /* Build configuration list for PBXNativeTarget "chessMentorTests" */;
			buildPhases = (
				A82E7E0A2D57A1FA00DBE5A2 /* Sources */,
				A82E7E0B2D57A1FA00DBE5A2 /* Frameworks */,
				A82E7E0C2D57A1FA00DBE5A2 /* Resources */,
			);
			buildRules = (
			);
			dependencies = (
				A82E7E102D57A1FA00DBE5A2 /* PBXTargetDependency */,
			);
			fileSystemSynchronizedGroups = (
				A82E7E112D57A1FA00DBE5A2 /* chessMentorTests */,
			);
			name = chessMentorTests;
			packageProductDependencies = (
			);
			productName = chessMentorTests;
			productReference = A82E7EA42D5BDC7300DBE5A2 /* chessMentorTests.xctest */;
			productType = "com.apple.product-type.bundle.unit-test";
		};
		A82E7E172D57A1FA00DBE5A2 /* chessMentorUITests */ = {
			isa = PBXNativeTarget;
			buildConfigurationList = A82E7E282D57A1FA00DBE5A2 /* Build configuration list for PBXNativeTarget "chessMentorUITests" */;
			buildPhases = (
				A82E7E142D57A1FA00DBE5A2 /* Sources */,
				A82E7E152D57A1FA00DBE5A2 /* Frameworks */,
				A82E7E162D57A1FA00DBE5A2 /* Resources */,
			);
			buildRules = (
			);
			dependencies = (
				A82E7E1A2D57A1FA00DBE5A2 /* PBXTargetDependency */,
			);
			fileSystemSynchronizedGroups = (
				A82E7E1B2D57A1FA00DBE5A2 /* chessMentorUITests */,
			);
			name = chessMentorUITests;
			packageProductDependencies = (
			);
			productName = chessMentorUITests;
			productReference = A82E7EA52D5BDC7300DBE5A2 /* chessMentorUITests.xctest */;
			productType = "com.apple.product-type.bundle.ui-testing";
		};
/* End PBXNativeTarget section */

/* Begin PBXProject section */
		A82E7DF62D57A1F700DBE5A2 /* Project object */ = {
			isa = PBXProject;
			attributes = {
				BuildIndependentTargetsInParallel = 1;
				LastSwiftUpdateCheck = 1620;
				LastUpgradeCheck = 1620;
				TargetAttributes = {
					A82E7DFD2D57A1F700DBE5A2 = {
						CreatedOnToolsVersion = 16.2;
					};
					A82E7E0D2D57A1FA00DBE5A2 = {
						CreatedOnToolsVersion = 16.2;
						TestTargetID = A82E7DFD2D57A1F700DBE5A2;
					};
					A82E7E172D57A1FA00DBE5A2 = {
						CreatedOnToolsVersion = 16.2;
						TestTargetID = A82E7DFD2D57A1F700DBE5A2;
					};
				};
			};
			buildConfigurationList = A82E7DF92D57A1F700DBE5A2 /* Build configuration list for PBXProject "chessMentor" */;
			developmentRegion = en;
			hasScannedForEncodings = 0;
			knownRegions = (
				en,
				Base,
			);
			mainGroup = A82E7DF52D57A1F700DBE5A2;
			minimizedProjectReferenceProxies = 1;
			packageReferences = (
				4B70DA092F68759500C21DDE /* XCRemoteSwiftPackageReference "swift-sdk" */,
			);
			preferredProjectObjectVersion = 77;
			productRefGroup = A82E7DF52D57A1F700DBE5A2;
			projectDirPath = "";
			projectReferences = (
				{
					ProductGroup = A8F50ECB2E997E320075078E /* Products */;
					ProjectRef = A87C434C2E86FC16007024B9 /* chessMentor.xcodeproj */;
				},
			);
			projectRoot = "";
			targets = (
				A82E7DFD2D57A1F700DBE5A2 /* chessMentor */,
				A82E7E0D2D57A1FA00DBE5A2 /* chessMentorTests */,
				A82E7E172D57A1FA00DBE5A2 /* chessMentorUITests */,
			);
		};
/* End PBXProject section */

/* Begin PBXResourcesBuildPhase section */
		A82E7DFC2D57A1F700DBE5A2 /* Resources */ = {
			isa = PBXResourcesBuildPhase;
			buildActionMask = 2147483647;
			files = (
			);
			runOnlyForDeploymentPostprocessing = 0;
		};
		A82E7E0C2D57A1FA00DBE5A2 /* Resources */ = {
			isa = PBXResourcesBuildPhase;
			buildActionMask = 2147483647;
			files = (
			);
			runOnlyForDeploymentPostprocessing = 0;
		};
		A82E7E162D57A1FA00DBE5A2 /* Resources */ = {
			isa = PBXResourcesBuildPhase;
			buildActionMask = 2147483647;
			files = (
			);
			runOnlyForDeploymentPostprocessing = 0;
		};
/* End PBXResourcesBuildPhase section */

/* Begin PBXSourcesBuildPhase section */
		A82E7DFA2D57A1F700DBE5A2 /* Sources */ = {
			isa = PBXSourcesBuildPhase;
			buildActionMask = 2147483647;
			files = (
			);
			runOnlyForDeploymentPostprocessing = 0;
		};
		A82E7E0A2D57A1FA00DBE5A2 /* Sources */ = {
			isa = PBXSourcesBuildPhase;
			buildActionMask = 2147483647;
			files = (
			);
			runOnlyForDeploymentPostprocessing = 0;
		};
		A82E7E142D57A1FA00DBE5A2 /* Sources */ = {
			isa = PBXSourcesBuildPhase;
			buildActionMask = 2147483647;
			files = (
			);
			runOnlyForDeploymentPostprocessing = 0;
		};
/* End PBXSourcesBuildPhase section */

/* Begin PBXTargetDependency section */
		A82E7E102D57A1FA00DBE5A2 /* PBXTargetDependency */ = {
			isa = PBXTargetDependency;
			target = A82E7DFD2D57A1F700DBE5A2 /* chessMentor */;
			targetProxy = A82E7E0F2D57A1FA00DBE5A2 /* PBXContainerItemProxy */;
		};
		A82E7E1A2D57A1FA00DBE5A2 /* PBXTargetDependency */ = {
			isa = PBXTargetDependency;
			target = A82E7DFD2D57A1F700DBE5A2 /* chessMentor */;
			targetProxy = A82E7E192D57A1FA00DBE5A2 /* PBXContainerItemProxy */;
		};
/* End PBXTargetDependency section */

/* Begin XCBuildConfiguration section */
		A82E7E202D57A1FA00DBE5A2 /* Debug */ = {
			isa = XCBuildConfiguration;
			buildSettings = {
				ALWAYS_SEARCH_USER_PATHS = NO;
				ASSETCATALOG_COMPILER_GENERATE_SWIFT_ASSET_SYMBOL_EXTENSIONS = YES;
				CLANG_ANALYZER_NONNULL = YES;
				CLANG_ANALYZER_NUMBER_OBJECT_CONVERSION = YES_AGGRESSIVE;
				CLANG_CXX_LANGUAGE_STANDARD = "gnu++20";
				CLANG_ENABLE_MODULES = YES;
				CLANG_ENABLE_OBJC_ARC = YES;
				CLANG_ENABLE_OBJC_WEAK = YES;
				CLANG_WARN_BLOCK_CAPTURE_AUTORELEASING = YES;
				CLANG_WARN_BOOL_CONVERSION = YES;
				CLANG_WARN_COMMA = YES;
				CLANG_WARN_CONSTANT_CONVERSION = YES;
				CLANG_WARN_DEPRECATED_OBJC_IMPLEMENTATIONS = YES;
				CLANG_WARN_DIRECT_OBJC_ISA_USAGE = YES_ERROR;
				CLANG_WARN_DOCUMENTATION_COMMENTS = YES;
				CLANG_WARN_EMPTY_BODY = YES;
				CLANG_WARN_ENUM_CONVERSION = YES;
				CLANG_WARN_INFINITE_RECURSION = YES;
				CLANG_WARN_INT_CONVERSION = YES;
				CLANG_WARN_NON_LITERAL_NULL_CONVERSION = YES;
				CLANG_WARN_OBJC_IMPLICIT_RETAIN_SELF = YES;
				CLANG_WARN_OBJC_LITERAL_CONVERSION = YES;
				CLANG_WARN_OBJC_ROOT_CLASS = YES_ERROR;
				CLANG_WARN_QUOTED_INCLUDE_IN_FRAMEWORK_HEADER = YES;
				CLANG_WARN_RANGE_LOOP_ANALYSIS = YES;
				CLANG_WARN_STRICT_PROTOTYPES = YES;
				CLANG_WARN_SUSPICIOUS_MOVE = YES;
				CLANG_WARN_UNGUARDED_AVAILABILITY = YES_AGGRESSIVE;
				CLANG_WARN_UNREACHABLE_CODE = YES;
				CLANG_WARN__DUPLICATE_METHOD_MATCH = YES;
				COPY_PHASE_STRIP = NO;
				DEBUG_INFORMATION_FORMAT = dwarf;
				ENABLE_STRICT_OBJC_MSGSEND = YES;
				ENABLE_TESTABILITY = YES;
				ENABLE_USER_SCRIPT_SANDBOXING = YES;
				GCC_C_LANGUAGE_STANDARD = gnu17;
				GCC_DYNAMIC_NO_PIC = NO;
				GCC_NO_COMMON_BLOCKS = YES;
				GCC_OPTIMIZATION_LEVEL = 0;
				GCC_PREPROCESSOR_DEFINITIONS = (
					"DEBUG=1",
					"$(inherited)",
				);
				GCC_WARN_64_TO_32_BIT_CONVERSION = YES;
				GCC_WARN_ABOUT_RETURN_TYPE = YES_ERROR;
				GCC_WARN_UNDECLARED_SELECTOR = YES;
				GCC_WARN_UNINITIALIZED_AUTOS = YES_AGGRESSIVE;
				GCC_WARN_UNUSED_FUNCTION = YES;
				GCC_WARN_UNUSED_VARIABLE = YES;
				IPHONEOS_DEPLOYMENT_TARGET = 18.2;
				LOCALIZATION_PREFERS_STRING_CATALOGS = YES;
				MTL_ENABLE_DEBUG_INFO = INCLUDE_SOURCE;
				MTL_FAST_MATH = YES;
				ONLY_ACTIVE_ARCH = YES;
				SDKROOT = iphoneos;
				SWIFT_ACTIVE_COMPILATION_CONDITIONS = "DEBUG $(inherited)";
				SWIFT_OPTIMIZATION_LEVEL = "-Onone";
			};
			name = Debug;
		};
		A82E7E212D57A1FA00DBE5A2 /* Release */ = {
			isa = XCBuildConfiguration;
			buildSettings = {
				ALWAYS_SEARCH_USER_PATHS = NO;
				ASSETCATALOG_COMPILER_GENERATE_SWIFT_ASSET_SYMBOL_EXTENSIONS = YES;
				CLANG_ANALYZER_NONNULL = YES;
				CLANG_ANALYZER_NUMBER_OBJECT_CONVERSION = YES_AGGRESSIVE;
				CLANG_CXX_LANGUAGE_STANDARD = "gnu++20";
				CLANG_ENABLE_MODULES = YES;
				CLANG_ENABLE_OBJC_ARC = YES;
				CLANG_ENABLE_OBJC_WEAK = YES;
				CLANG_WARN_BLOCK_CAPTURE_AUTORELEASING = YES;
				CLANG_WARN_BOOL_CONVERSION = YES;
				CLANG_WARN_COMMA = YES;
				CLANG_WARN_CONSTANT_CONVERSION = YES;
				CLANG_WARN_DEPRECATED_OBJC_IMPLEMENTATIONS = YES;
				CLANG_WARN_DIRECT_OBJC_ISA_USAGE = YES_ERROR;
				CLANG_WARN_DOCUMENTATION_COMMENTS = YES;
				CLANG_WARN_EMPTY_BODY = YES;
				CLANG_WARN_ENUM_CONVERSION = YES;
				CLANG_WARN_INFINITE_RECURSION = YES;
				CLANG_WARN_INT_CONVERSION = YES;
				CLANG_WARN_NON_LITERAL_NULL_CONVERSION = YES;
				CLANG_WARN_OBJC_IMPLICIT_RETAIN_SELF = YES;
				CLANG_WARN_OBJC_LITERAL_CONVERSION = YES;
				CLANG_WARN_OBJC_ROOT_CLASS = YES_ERROR;
				CLANG_WARN_QUOTED_INCLUDE_IN_FRAMEWORK_HEADER = YES;
				CLANG_WARN_RANGE_LOOP_ANALYSIS = YES;
				CLANG_WARN_STRICT_PROTOTYPES = YES;
				CLANG_WARN_SUSPICIOUS_MOVE = YES;
				CLANG_WARN_UNGUARDED_AVAILABILITY = YES_AGGRESSIVE;
				CLANG_WARN_UNREACHABLE_CODE = YES;
				CLANG_WARN__DUPLICATE_METHOD_MATCH = YES;
				COPY_PHASE_STRIP = NO;
				DEBUG_INFORMATION_FORMAT = "dwarf-with-dsym";
				ENABLE_NS_ASSERTIONS = NO;
				ENABLE_STRICT_OBJC_MSGSEND = YES;
				ENABLE_USER_SCRIPT_SANDBOXING = YES;
				GCC_C_LANGUAGE_STANDARD = gnu17;
				GCC_NO_COMMON_BLOCKS = YES;
				GCC_WARN_64_TO_32_BIT_CONVERSION = YES;
				GCC_WARN_ABOUT_RETURN_TYPE = YES_ERROR;
				GCC_WARN_UNDECLARED_SELECTOR = YES;
				GCC_WARN_UNINITIALIZED_AUTOS = YES_AGGRESSIVE;
				GCC_WARN_UNUSED_FUNCTION = YES;
				GCC_WARN_UNUSED_VARIABLE = YES;
				IPHONEOS_DEPLOYMENT_TARGET = 18.2;
				LOCALIZATION_PREFERS_STRING_CATALOGS = YES;
				MTL_ENABLE_DEBUG_INFO = NO;
				MTL_FAST_MATH = YES;
				SDKROOT = iphoneos;
				SWIFT_COMPILATION_MODE = wholemodule;
				VALIDATE_PRODUCT = YES;
			};
			name = Release;
		};
		A82E7E232D57A1FA00DBE5A2 /* Debug */ = {
			isa = XCBuildConfiguration;
			buildSettings = {
				ASSETCATALOG_COMPILER_APPICON_NAME = AppIcon;
				ASSETCATALOG_COMPILER_GLOBAL_ACCENT_COLOR_NAME = AccentColor;
				CODE_SIGN_STYLE = Automatic;
				CURRENT_PROJECT_VERSION = 1;
				DEVELOPMENT_ASSET_PATHS = "\"chessMentor/Preview Content\"";
				DEVELOPMENT_TEAM = WFH2TCAAQ8;
				ENABLE_PREVIEWS = YES;
				GENERATE_INFOPLIST_FILE = YES;
				INFOPLIST_FILE = chessMentor/Info.plist;
				INFOPLIST_KEY_LSSupportsOpeningDocumentsInPlace = YES;
				INFOPLIST_KEY_NSCameraUsageDescription = "We need to access your camera to scan the chessboard";
				INFOPLIST_KEY_NSPhotoLibraryAddUsageDescription = "We save the cropped chessboard image so you can verify detections.";
				INFOPLIST_KEY_UIApplicationSceneManifest_Generation = YES;
				INFOPLIST_KEY_UIApplicationSupportsIndirectInputEvents = YES;
				INFOPLIST_KEY_UILaunchScreen_Generation = YES;
				INFOPLIST_KEY_UISupportedInterfaceOrientations_iPad = "UIInterfaceOrientationPortrait UIInterfaceOrientationPortraitUpsideDown UIInterfaceOrientationLandscapeLeft UIInterfaceOrientationLandscapeRight";
				INFOPLIST_KEY_UISupportedInterfaceOrientations_iPhone = "UIInterfaceOrientationPortrait UIInterfaceOrientationLandscapeLeft UIInterfaceOrientationLandscapeRight";
				IPHONEOS_DEPLOYMENT_TARGET = 17.6;
				LD_RUNPATH_SEARCH_PATHS = (
					"$(inherited)",
					"@executable_path/Frameworks",
				);
				MARKETING_VERSION = 1.0;
				PRODUCT_BUNDLE_IDENTIFIER = com.samtouahri.ChessMentor;
				PRODUCT_NAME = "$(TARGET_NAME)";
				SWIFT_EMIT_LOC_STRINGS = YES;
				SWIFT_VERSION = 5.0;
				TARGETED_DEVICE_FAMILY = "1,2";
			};
			name = Debug;
		};
		A82E7E242D57A1FA00DBE5A2 /* Release */ = {
			isa = XCBuildConfiguration;
			buildSettings = {
				ASSETCATALOG_COMPILER_APPICON_NAME = AppIcon;
				ASSETCATALOG_COMPILER_GLOBAL_ACCENT_COLOR_NAME = AccentColor;
				CODE_SIGN_STYLE = Automatic;
				CURRENT_PROJECT_VERSION = 1;
				DEVELOPMENT_ASSET_PATHS = "\"chessMentor/Preview Content\"";
				DEVELOPMENT_TEAM = WFH2TCAAQ8;
				ENABLE_PREVIEWS = YES;
				GENERATE_INFOPLIST_FILE = YES;
				INFOPLIST_FILE = chessMentor/Info.plist;
				INFOPLIST_KEY_LSSupportsOpeningDocumentsInPlace = YES;
				INFOPLIST_KEY_NSCameraUsageDescription = "We need to access your camera to scan the chessboard";
				INFOPLIST_KEY_NSPhotoLibraryAddUsageDescription = "We save the cropped chessboard image so you can verify detections.";
				INFOPLIST_KEY_UIApplicationSceneManifest_Generation = YES;
				INFOPLIST_KEY_UIApplicationSupportsIndirectInputEvents = YES;
				INFOPLIST_KEY_UILaunchScreen_Generation = YES;
				INFOPLIST_KEY_UISupportedInterfaceOrientations_iPad = "UIInterfaceOrientationPortrait UIInterfaceOrientationPortraitUpsideDown UIInterfaceOrientationLandscapeLeft UIInterfaceOrientationLandscapeRight";
				INFOPLIST_KEY_UISupportedInterfaceOrientations_iPhone = "UIInterfaceOrientationPortrait UIInterfaceOrientationLandscapeLeft UIInterfaceOrientationLandscapeRight";
				IPHONEOS_DEPLOYMENT_TARGET = 17.6;
				LD_RUNPATH_SEARCH_PATHS = (
					"$(inherited)",
					"@executable_path/Frameworks",
				);
				MARKETING_VERSION = 1.0;
				PRODUCT_BUNDLE_IDENTIFIER = com.samtouahri.ChessMentor;
				PRODUCT_NAME = "$(TARGET_NAME)";
				SWIFT_EMIT_LOC_STRINGS = YES;
				SWIFT_VERSION = 5.0;
				TARGETED_DEVICE_FAMILY = "1,2";
			};
			name = Release;
		};
		A82E7E262D57A1FA00DBE5A2 /* Debug */ = {
			isa = XCBuildConfiguration;
			buildSettings = {
				BUNDLE_LOADER = "$(TEST_HOST)";
				"CODE_SIGN_IDENTITY[sdk=macosx*]" = "Apple Development";
				CODE_SIGN_STYLE = Automatic;
				CURRENT_PROJECT_VERSION = 1;
				DEVELOPMENT_TEAM = 6BP95QHN5B;
				GENERATE_INFOPLIST_FILE = YES;
				IPHONEOS_DEPLOYMENT_TARGET = 17.6;
				MARKETING_VERSION = 1.0;
				PRODUCT_BUNDLE_IDENTIFIER = com.obay2002.ChessMentorTest;
				PRODUCT_NAME = "$(TARGET_NAME)";
				SWIFT_EMIT_LOC_STRINGS = NO;
				SWIFT_VERSION = 5.0;
				TARGETED_DEVICE_FAMILY = "1,2";
				TEST_HOST = "$(BUILT_PRODUCTS_DIR)/chessMentor.app/$(BUNDLE_EXECUTABLE_FOLDER_PATH)/chessMentor";
			};
			name = Debug;
		};
		A82E7E272D57A1FA00DBE5A2 /* Release */ = {
			isa = XCBuildConfiguration;
			buildSettings = {
				BUNDLE_LOADER = "$(TEST_HOST)";
				"CODE_SIGN_IDENTITY[sdk=macosx*]" = "Apple Development";
				CODE_SIGN_STYLE = Automatic;
				CURRENT_PROJECT_VERSION = 1;
				DEVELOPMENT_TEAM = 6BP95QHN5B;
				GENERATE_INFOPLIST_FILE = YES;
				IPHONEOS_DEPLOYMENT_TARGET = 17.6;
				MARKETING_VERSION = 1.0;
				PRODUCT_BUNDLE_IDENTIFIER = com.obay2002.ChessMentorTest;
				PRODUCT_NAME = "$(TARGET_NAME)";
				SWIFT_EMIT_LOC_STRINGS = NO;
				SWIFT_VERSION = 5.0;
				TARGETED_DEVICE_FAMILY = "1,2";
				TEST_HOST = "$(BUILT_PRODUCTS_DIR)/chessMentor.app/$(BUNDLE_EXECUTABLE_FOLDER_PATH)/chessMentor";
			};
			name = Release;
		};
		A82E7E292D57A1FA00DBE5A2 /* Debug */ = {
			isa = XCBuildConfiguration;
			buildSettings = {
				CODE_SIGN_STYLE = Automatic;
				CURRENT_PROJECT_VERSION = 1;
				DEVELOPMENT_TEAM = 6BP95QHN5B;
				GENERATE_INFOPLIST_FILE = YES;
				IPHONEOS_DEPLOYMENT_TARGET = 17.6;
				MARKETING_VERSION = 1.0;
				PRODUCT_BUNDLE_IDENTIFIER = com.obay2002.ChessMentorUITests;
				PRODUCT_NAME = "$(TARGET_NAME)";
				SWIFT_EMIT_LOC_STRINGS = NO;
				SWIFT_VERSION = 5.0;
				TARGETED_DEVICE_FAMILY = "1,2";
				TEST_TARGET_NAME = chessMentor;
			};
			name = Debug;
		};
		A82E7E2A2D57A1FA00DBE5A2 /* Release */ = {
			isa = XCBuildConfiguration;
			buildSettings = {
				CODE_SIGN_STYLE = Automatic;
				CURRENT_PROJECT_VERSION = 1;
				DEVELOPMENT_TEAM = KGKF2G8B98;
				GENERATE_INFOPLIST_FILE = YES;
				IPHONEOS_DEPLOYMENT_TARGET = 17.6;
				MARKETING_VERSION = 1.0;
				PRODUCT_BUNDLE_IDENTIFIER = com.chessMentor.chessMentorUITests;
				PRODUCT_NAME = "$(TARGET_NAME)";
				SWIFT_EMIT_LOC_STRINGS = NO;
				SWIFT_VERSION = 5.0;
				TARGETED_DEVICE_FAMILY = "1,2";
				TEST_TARGET_NAME = chessMentor;
			};
			name = Release;
		};
/* End XCBuildConfiguration section */

/* Begin XCConfigurationList section */
		A82E7DF92D57A1F700DBE5A2 /* Build configuration list for PBXProject "chessMentor" */ = {
			isa = XCConfigurationList;
			buildConfigurations = (
				A82E7E202D57A1FA00DBE5A2 /* Debug */,
				A82E7E212D57A1FA00DBE5A2 /* Release */,
			);
			defaultConfigurationIsVisible = 0;
			defaultConfigurationName = Release;
		};
		A82E7E222D57A1FA00DBE5A2 /* Build configuration list for PBXNativeTarget "chessMentor" */ = {
			isa = XCConfigurationList;
			buildConfigurations = (
				A82E7E232D57A1FA00DBE5A2 /* Debug */,
				A82E7E242D57A1FA00DBE5A2 /* Release */,
			);
			defaultConfigurationIsVisible = 0;
			defaultConfigurationName = Release;
		};
		A82E7E252D57A1FA00DBE5A2 /* Build configuration list for PBXNativeTarget "chessMentorTests" */ = {
			isa = XCConfigurationList;
			buildConfigurations = (
				A82E7E262D57A1FA00DBE5A2 /* Debug */,
				A82E7E272D57A1FA00DBE5A2 /* Release */,
			);
			defaultConfigurationIsVisible = 0;
			defaultConfigurationName = Release;
		};
		A82E7E282D57A1FA00DBE5A2 /* Build configuration list for PBXNativeTarget "chessMentorUITests" */ = {
			isa = XCConfigurationList;
			buildConfigurations = (
				A82E7E292D57A1FA00DBE5A2 /* Debug */,
				A82E7E2A2D57A1FA00DBE5A2 /* Release */,
			);
			defaultConfigurationIsVisible = 0;
			defaultConfigurationName = Release;
		};
/* End XCConfigurationList section */

/* Begin XCRemoteSwiftPackageReference section */
		4B70DA092F68759500C21DDE /* XCRemoteSwiftPackageReference "swift-sdk" */ = {
			isa = XCRemoteSwiftPackageReference;
			repositoryURL = "https://github.com/roboflow/swift-sdk";
			requirement = {
				kind = upToNextMajorVersion;
				minimumVersion = 1.2.7;
			};
		};
/* End XCRemoteSwiftPackageReference section */

/* Begin XCSwiftPackageProductDependency section */
		4B70DA0A2F68759500C21DDE /* Roboflow */ = {
			isa = XCSwiftPackageProductDependency;
			package = 4B70DA092F68759500C21DDE /* XCRemoteSwiftPackageReference "swift-sdk" */;
			productName = Roboflow;
		};
/* End XCSwiftPackageProductDependency section */
	};
	rootObject = A82E7DF62D57A1F700DBE5A2 /* Project object */;
}
